
Microsoft Visual Studio Solution File, Format Version 12.00
# Visual Studio 15
VisualStudioVersion = 15.0.27004.2009
MinimumVisualStudioVersion = 10.0.40219.1
Project("{8BC9CEB8-8B4A-11D0-8D11-00A0C91BC942}") = "ion", "project\ion.vcxproj", "{034F8D98-6E22-404C-961E-76CAEC0A896D}"
EndProject
Global
	GlobalSection(SolutionConfigurationPlatforms) = preSolution
		Debug|x64 = Debug|x64
		Debug|x86 = Debug|x86
		Release|x64 = Release|x64
		Release|x86 = Release|x86
	EndGlobalSection
	GlobalSection(ProjectConfigurationPlatforms) = postSolution
		{034F8D98-6E22-404C-961E-76CAEC0A896D}.Debug|x64.ActiveCfg = Debug|x64
		{034F8D98-6E22-404C-961E-76CAEC0A896D}.Debug|x64.Build.0 = Debug|x64
		{034F8D98-6E22-404C-961E-76CAEC0A896D}.Debug|x86.ActiveCfg = Debug|Win32
		{034F8D98-6E22-404C-961E-76CAEC0A896D}.Debug|x86.Build.0 = Debug|Win32
		{034F8D98-6E22-404C-961E-76CAEC0A896D}.Release|x64.ActiveCfg = Release|x64
		{034F8D98-6E22-404C-961E-76CAEC0A896D}.Release|x64.Build.0 = Release|x64
		{034F8D98-6E22-404C-961E-76CAEC0A896D}.Release|x86.ActiveCfg = Release|Win32
		{034F8D98-6E22-404C-961E-76CAEC0A896D}.Release|x86.Build.0 = Release|Win32
	EndGlobalSection
	GlobalSection(SolutionProperties) = preSolution
		HideSolutionNode = FALSE
	EndGlobalSection
	GlobalSection(ExtensibilityGlobals) = postSolution
		SolutionGuid = {DA57A31D-DAA6-4D4E-8FF9-92ADD4544D05}
	EndGlobalSection
EndGlobal
